// !$*UTF8*$!
{
	archiveVersion = 1;
	classes = {
	};
	objectVersion = 50;
	objects = {

/* Begin PBXBuildFile section */
		BD08B3EE274FA6F80054756F /* tukuru1ViewController.swift in Sources */ = {isa = PBXBuildFile; fileRef = BD08B3ED274FA6F80054756F /* tukuru1ViewController.swift */; };
		BD334594275B78B700C69F59 /* LastViewController.swift in Sources */ = {isa = PBXBuildFile; fileRef = BD334593275B78B700C69F59 /* LastViewController.swift */; };
		BD378FFD275774090044EDB5 /* View1.swift in Sources */ = {isa = PBXBuildFile; fileRef = BD378FFC275774090044EDB5 /* View1.swift */; };
		BD378FFF275777560044EDB5 /* View2.swift in Sources */ = {isa = PBXBuildFile; fileRef = BD378FFE275777560044EDB5 /* View2.swift */; };
		BD379002275778370044EDB5 /* View3.swift in Sources */ = {isa = PBXBuildFile; fileRef = BD379001275778370044EDB5 /* View3.swift */; };
		BD6BE65227550CE7003FAA13 /* plusminus.swift in Sources */ = {isa = PBXBuildFile; fileRef = BD6BE65127550CE7003FAA13 /* plusminus.swift */; };
		BD7EA38D275396A2009442F0 /* kido.swift in Sources */ = {isa = PBXBuildFile; fileRef = BD7EA38C275396A2009442F0 /* kido.swift */; };
		BDB6A18B274C975A00E8EFC3 /* AppDelegate.swift in Sources */ = {isa = PBXBuildFile; fileRef = BDB6A18A274C975A00E8EFC3 /* AppDelegate.swift */; };
		BDB6A18D274C975A00E8EFC3 /* SceneDelegate.swift in Sources */ = {isa = PBXBuildFile; fileRef = BDB6A18C274C975A00E8EFC3 /* SceneDelegate.swift */; };
		BDB6A18F274C975A00E8EFC3 /* ViewController.swift in Sources */ = {isa = PBXBuildFile; fileRef = BDB6A18E274C975A00E8EFC3 /* ViewController.swift */; };
		BDB6A192274C975A00E8EFC3 /* Main.storyboard in Resources */ = {isa = PBXBuildFile; fileRef = BDB6A190274C975A00E8EFC3 /* Main.storyboard */; };
		BDB6A194274C975A00E8EFC3 /* Assets.xcassets in Resources */ = {isa = PBXBuildFile; fileRef = BDB6A193274C975A00E8EFC3 /* Assets.xcassets */; };
		BDB6A197274C975A00E8EFC3 /* LaunchScreen.storyboard in Resources */ = {isa = PBXBuildFile; fileRef = BDB6A195274C975A00E8EFC3 /* LaunchScreen.storyboard */; };
		BDB6A1A3274CA35D00E8EFC3 /* redViewController.swift in Sources */ = {isa = PBXBuildFile; fileRef = BDB6A1A2274CA35D00E8EFC3 /* redViewController.swift */; };
		BDB6A1A5274CAB3D00E8EFC3 /* blueViewController.swift in Sources */ = {isa = PBXBuildFile; fileRef = BDB6A1A4274CAB3D00E8EFC3 /* blueViewController.swift */; };
		BDB6A1A7274CC71400E8EFC3 /* FirstViewController.swift in Sources */ = {isa = PBXBuildFile; fileRef = BDB6A1A6274CC71400E8EFC3 /* FirstViewController.swift */; };
		BDB6A1A9274CD80600E8EFC3 /* greenViewController.swift in Sources */ = {isa = PBXBuildFile; fileRef = BDB6A1A8274CD80600E8EFC3 /* greenViewController.swift */; };
		BDB6A1CB274CEB4E00E8EFC3 /* zyunbanViewController.swift in Sources */ = {isa = PBXBuildFile; fileRef = BDB6A1CA274CEB4E00E8EFC3 /* zyunbanViewController.swift */; };
		BDB6A1CD274CED2C00E8EFC3 /* tukuruViewController.swift in Sources */ = {isa = PBXBuildFile; fileRef = BDB6A1CC274CED2C00E8EFC3 /* tukuruViewController.swift */; };
		BDF89741274E795C00A05409 /* CheckBox.swift in Sources */ = {isa = PBXBuildFile; fileRef = BDF89740274E795C00A05409 /* CheckBox.swift */; };
/* End PBXBuildFile section */

/* Begin PBXFileReference section */
		BD08B3ED274FA6F80054756F /* tukuru1ViewController.swift */ = {isa = PBXFileReference; lastKnownFileType = sourcecode.swift; path = tukuru1ViewController.swift; sourceTree = "<group>"; };
		BD334593275B78B700C69F59 /* LastViewController.swift */ = {isa = PBXFileReference; lastKnownFileType = sourcecode.swift; path = LastViewController.swift; sourceTree = "<group>"; };
		BD378FFC275774090044EDB5 /* View1.swift */ = {isa = PBXFileReference; lastKnownFileType = sourcecode.swift; path = View1.swift; sourceTree = "<group>"; };
		BD378FFE275777560044EDB5 /* View2.swift */ = {isa = PBXFileReference; lastKnownFileType = sourcecode.swift; path = View2.swift; sourceTree = "<group>"; };
		BD379001275778370044EDB5 /* View3.swift */ = {isa = PBXFileReference; lastKnownFileType = sourcecode.swift; path = View3.swift; sourceTree = "<group>"; };
		BD6BE65127550CE7003FAA13 /* plusminus.swift */ = {isa = PBXFileReference; lastKnownFileType = sourcecode.swift; path = plusminus.swift; sourceTree = "<group>"; };
		BD7EA38C275396A2009442F0 /* kido.swift */ = {isa = PBXFileReference; lastKnownFileType = sourcecode.swift; path = kido.swift; sourceTree = "<group>"; };
		BDB6A187274C975A00E8EFC3 /* lesson9 test.app */ = {isa = PBXFileReference; explicitFileType = wrapper.application; includeInIndex = 0; path = "lesson9 test.app"; sourceTree = BUILT_PRODUCTS_DIR; };
		BDB6A18A274C975A00E8EFC3 /* AppDelegate.swift */ = {isa = PBXFileReference; lastKnownFileType = sourcecode.swift; path = AppDelegate.swift; sourceTree = "<group>"; };
		BDB6A18C274C975A00E8EFC3 /* SceneDelegate.swift */ = {isa = PBXFileReference; lastKnownFileType = sourcecode.swift; path = SceneDelegate.swift; sourceTree = "<group>"; };
		BDB6A18E274C975A00E8EFC3 /* ViewController.swift */ = {isa = PBXFileReference; lastKnownFileType = sourcecode.swift; path = ViewController.swift; sourceTree = "<group>"; };
		BDB6A191274C975A00E8EFC3 /* Base */ = {isa = PBXFileReference; lastKnownFileType = file.storyboard; name = Base; path = Base.lproj/Main.storyboard; sourceTree = "<group>"; };
		BDB6A193274C975A00E8EFC3 /* Assets.xcassets */ = {isa = PBXFileReference; lastKnownFileType = folder.assetcatalog; path = Assets.xcassets; sourceTree = "<group>"; };
		BDB6A196274C975A00E8EFC3 /* Base */ = {isa = PBXFileReference; lastKnownFileType = file.storyboard; name = Base; path = Base.lproj/LaunchScreen.storyboard; sourceTree = "<group>"; };
		BDB6A198274C975A00E8EFC3 /* Info.plist */ = {isa = PBXFileReference; lastKnownFileType = text.plist.xml; path = Info.plist; sourceTree = "<group>"; };
		BDB6A1A2274CA35D00E8EFC3 /* redViewController.swift */ = {isa = PBXFileReference; lastKnownFileType = sourcecode.swift; path = redViewController.swift; sourceTree = "<group>"; };
		BDB6A1A4274CAB3D00E8EFC3 /* blueViewController.swift */ = {isa = PBXFileReference; lastKnownFileType = sourcecode.swift; path = blueViewController.swift; sourceTree = "<group>"; };
		BDB6A1A6274CC71400E8EFC3 /* FirstViewController.swift */ = {isa = PBXFileReference; lastKnownFileType = sourcecode.swift; path = FirstViewController.swift; sourceTree = "<group>"; };
		BDB6A1A8274CD80600E8EFC3 /* greenViewController.swift */ = {isa = PBXFileReference; lastKnownFileType = sourcecode.swift; path = greenViewController.swift; sourceTree = "<group>"; };
		BDB6A1CA274CEB4E00E8EFC3 /* zyunbanViewController.swift */ = {isa = PBXFileReference; lastKnownFileType = sourcecode.swift; path = zyunbanViewController.swift; sourceTree = "<group>"; };
		BDB6A1CC274CED2C00E8EFC3 /* tukuruViewController.swift */ = {isa = PBXFileReference; lastKnownFileType = sourcecode.swift; path = tukuruViewController.swift; sourceTree = "<group>"; };
		BDF89740274E795C00A05409 /* CheckBox.swift */ = {isa = PBXFileReference; lastKnownFileType = sourcecode.swift; path = CheckBox.swift; sourceTree = "<group>"; };
/* End PBXFileReference section */

/* Begin PBXFrameworksBuildPhase section */
		BDB6A184274C975A00E8EFC3 /* Frameworks */ = {
			isa = PBXFrameworksBuildPhase;
			buildActionMask = 2147483647;
			files = (
			);
			runOnlyForDeploymentPostprocessing = 0;
		};
/* End PBXFrameworksBuildPhase section */

/* Begin PBXGroup section */
		BDB6A17E274C975A00E8EFC3 = {
			isa = PBXGroup;
			children = (
				BDB6A189274C975A00E8EFC3 /* lesson9 test */,
				BDB6A188274C975A00E8EFC3 /* Products */,
			);
			sourceTree = "<group>";
		};
		BDB6A188274C975A00E8EFC3 /* Products */ = {
			isa = PBXGroup;
			children = (
				BDB6A187274C975A00E8EFC3 /* lesson9 test.app */,
			);
			name = Products;
			sourceTree = "<group>";
		};
		BDB6A189274C975A00E8EFC3 /* lesson9 test */ = {
			isa = PBXGroup;
			children = (
				BDB6A18A274C975A00E8EFC3 /* AppDelegate.swift */,
				BDB6A18C274C975A00E8EFC3 /* SceneDelegate.swift */,
				BDB6A18E274C975A00E8EFC3 /* ViewController.swift */,
				BDB6A1A2274CA35D00E8EFC3 /* redViewController.swift */,
				BDB6A1A4274CAB3D00E8EFC3 /* blueViewController.swift */,
				BD378FFC275774090044EDB5 /* View1.swift */,
				BD378FFE275777560044EDB5 /* View2.swift */,
				BD379001275778370044EDB5 /* View3.swift */,
				BDB6A1A8274CD80600E8EFC3 /* greenViewController.swift */,
				BDF89740274E795C00A05409 /* CheckBox.swift */,
				BD7EA38C275396A2009442F0 /* kido.swift */,
				BD6BE65127550CE7003FAA13 /* plusminus.swift */,
				BDB6A1A6274CC71400E8EFC3 /* FirstViewController.swift */,
				BD334593275B78B700C69F59 /* LastViewController.swift */,
				BDB6A1CA274CEB4E00E8EFC3 /* zyunbanViewController.swift */,
				BDB6A1CC274CED2C00E8EFC3 /* tukuruViewController.swift */,
				BD08B3ED274FA6F80054756F /* tukuru1ViewController.swift */,
				BDB6A190274C975A00E8EFC3 /* Main.storyboard */,
				BDB6A193274C975A00E8EFC3 /* Assets.xcassets */,
				BDB6A195274C975A00E8EFC3 /* LaunchScreen.storyboard */,
				BDB6A198274C975A00E8EFC3 /* Info.plist */,
			);
			path = "lesson9 test";
			sourceTree = "<group>";
		};
/* End PBXGroup section */

/* Begin PBXNativeTarget section */
		BDB6A186274C975A00E8EFC3 /* lesson9 test */ = {
			isa = PBXNativeTarget;
			buildConfigurationList = BDB6A19B274C975A00E8EFC3 /* Build configuration list for PBXNativeTarget "lesson9 test" */;
			buildPhases = (
				BDB6A183274C975A00E8EFC3 /* Sources */,
				BDB6A184274C975A00E8EFC3 /* Frameworks */,
				BDB6A185274C975A00E8EFC3 /* Resources */,
			);
			buildRules = (
			);
			dependencies = (
			);
			name = "lesson9 test";
			productName = "lesson9 test";
			productReference = BDB6A187274C975A00E8EFC3 /* lesson9 test.app */;
			productType = "com.apple.product-type.application";
		};
/* End PBXNativeTarget section */

/* Begin PBXProject section */
		BDB6A17F274C975A00E8EFC3 /* Project object */ = {
			isa = PBXProject;
			attributes = {
				LastSwiftUpdateCheck = 1250;
				LastUpgradeCheck = 1250;
				TargetAttributes = {
					BDB6A186274C975A00E8EFC3 = {
						CreatedOnToolsVersion = 12.5.1;
					};
				};
			};
			buildConfigurationList = BDB6A182274C975A00E8EFC3 /* Build configuration list for PBXProject "lesson9 test" */;
			compatibilityVersion = "Xcode 9.3";
			developmentRegion = en;
			hasScannedForEncodings = 0;
			knownRegions = (
				en,
				Base,
			);
			mainGroup = BDB6A17E274C975A00E8EFC3;
			productRefGroup = BDB6A188274C975A00E8EFC3 /* Products */;
			projectDirPath = "";
			projectRoot = "";
			targets = (
				BDB6A186274C975A00E8EFC3 /* lesson9 test */,
			);
		};
/* End PBXProject section */

/* Begin PBXResourcesBuildPhase section */
		BDB6A185274C975A00E8EFC3 /* Resources */ = {
			isa = PBXResourcesBuildPhase;
			buildActionMask = 2147483647;
			files = (
				BDB6A197274C975A00E8EFC3 /* LaunchScreen.storyboard in Resources */,
				BDB6A194274C975A00E8EFC3 /* Assets.xcassets in Resources */,
				BDB6A192274C975A00E8EFC3 /* Main.storyboard in Resources */,
			);
			runOnlyForDeploymentPostprocessing = 0;
		};
/* End PBXResourcesBuildPhase section */

/* Begin PBXSourcesBuildPhase section */
		BDB6A183274C975A00E8EFC3 /* Sources */ = {
			isa = PBXSourcesBuildPhase;
			buildActionMask = 2147483647;
			files = (
				BDB6A1A3274CA35D00E8EFC3 /* redViewController.swift in Sources */,
				BDB6A1A5274CAB3D00E8EFC3 /* blueViewController.swift in Sources */,
				BDB6A18F274C975A00E8EFC3 /* ViewController.swift in Sources */,
				BDB6A1A7274CC71400E8EFC3 /* FirstViewController.swift in Sources */,
				BD379002275778370044EDB5 /* View3.swift in Sources */,
				BD08B3EE274FA6F80054756F /* tukuru1ViewController.swift in Sources */,
				BDF89741274E795C00A05409 /* CheckBox.swift in Sources */,
				BD334594275B78B700C69F59 /* LastViewController.swift in Sources */,
				BD378FFD275774090044EDB5 /* View1.swift in Sources */,
				BDB6A1CB274CEB4E00E8EFC3 /* zyunbanViewController.swift in Sources */,
				BDB6A18B274C975A00E8EFC3 /* AppDelegate.swift in Sources */,
				BD7EA38D275396A2009442F0 /* kido.swift in Sources */,
				BD378FFF275777560044EDB5 /* View2.swift in Sources */,
				BDB6A1CD274CED2C00E8EFC3 /* tukuruViewController.swift in Sources */,
				BD6BE65227550CE7003FAA13 /* plusminus.swift in Sources */,
				BDB6A18D274C975A00E8EFC3 /* SceneDelegate.swift in Sources */,
				BDB6A1A9274CD80600E8EFC3 /* greenViewController.swift in Sources */,
			);
			runOnlyForDeploymentPostprocessing = 0;
		};
/* End PBXSourcesBuildPhase section */

/* Begin PBXVariantGroup section */
		BDB6A190274C975A00E8EFC3 /* Main.storyboard */ = {
			isa = PBXVariantGroup;
			children = (
				BDB6A191274C975A00E8EFC3 /* Base */,
			);
			name = Main.storyboard;
			sourceTree = "<group>";
		};
		BDB6A195274C975A00E8EFC3 /* LaunchScreen.storyboard */ = {
			isa = PBXVariantGroup;
			children = (
				BDB6A196274C975A00E8EFC3 /* Base */,
			);
			name = LaunchScreen.storyboard;
			sourceTree = "<group>";
		};
/* End PBXVariantGroup section */

/* Begin XCBuildConfiguration section */
		BDB6A199274C975A00E8EFC3 /* Debug */ = {
			isa = XCBuildConfiguration;
			buildSettings = {
				ALWAYS_SEARCH_USER_PATHS = NO;
				CLANG_ANALYZER_NONNULL = YES;
				CLANG_ANALYZER_NUMBER_OBJECT_CONVERSION = YES_AGGRESSIVE;
				CLANG_CXX_LANGUAGE_STANDARD = "gnu++14";
				CLANG_CXX_LIBRARY = "libc++";
				CLANG_ENABLE_MODULES = YES;
				CLANG_ENABLE_OBJC_ARC = YES;
				CLANG_ENABLE_OBJC_WEAK = YES;
				CLANG_WARN_BLOCK_CAPTURE_AUTORELEASING = YES;
				CLANG_WARN_BOOL_CONVERSION = YES;
				CLANG_WARN_COMMA = YES;
				CLANG_WARN_CONSTANT_CONVERSION = YES;
				CLANG_WARN_DEPRECATED_OBJC_IMPLEMENTATIONS = YES;
				CLANG_WARN_DIRECT_OBJC_ISA_USAGE = YES_ERROR;
				CLANG_WARN_DOCUMENTATION_COMMENTS = YES;
				CLANG_WARN_EMPTY_BODY = YES;
				CLANG_WARN_ENUM_CONVERSION = YES;
				CLANG_WARN_INFINITE_RECURSION = YES;
				CLANG_WARN_INT_CONVERSION = YES;
				CLANG_WARN_NON_LITERAL_NULL_CONVERSION = YES;
				CLANG_WARN_OBJC_IMPLICIT_RETAIN_SELF = YES;
				CLANG_WARN_OBJC_LITERAL_CONVERSION = YES;
				CLANG_WARN_OBJC_ROOT_CLASS = YES_ERROR;
				CLANG_WARN_QUOTED_INCLUDE_IN_FRAMEWORK_HEADER = YES;
				CLANG_WARN_RANGE_LOOP_ANALYSIS = YES;
				CLANG_WARN_STRICT_PROTOTYPES = YES;
				CLANG_WARN_SUSPICIOUS_MOVE = YES;
				CLANG_WARN_UNGUARDED_AVAILABILITY = YES_AGGRESSIVE;
				CLANG_WARN_UNREACHABLE_CODE = YES;
				CLANG_WARN__DUPLICATE_METHOD_MATCH = YES;
				COPY_PHASE_STRIP = NO;
				DEBUG_INFORMATION_FORMAT = dwarf;
				ENABLE_STRICT_OBJC_MSGSEND = YES;
				ENABLE_TESTABILITY = YES;
				GCC_C_LANGUAGE_STANDARD = gnu11;
				GCC_DYNAMIC_NO_PIC = NO;
				GCC_NO_COMMON_BLOCKS = YES;
				GCC_OPTIMIZATION_LEVEL = 0;
				GCC_PREPROCESSOR_DEFINITIONS = (
					"DEBUG=1",
					"$(inherited)",
				);
				GCC_WARN_64_TO_32_BIT_CONVERSION = YES;
				GCC_WARN_ABOUT_RETURN_TYPE = YES_ERROR;
				GCC_WARN_UNDECLARED_SELECTOR = YES;
				GCC_WARN_UNINITIALIZED_AUTOS = YES_AGGRESSIVE;
				GCC_WARN_UNUSED_FUNCTION = YES;
				GCC_WARN_UNUSED_VARIABLE = YES;
				IPHONEOS_DEPLOYMENT_TARGET = 14.5;
				MTL_ENABLE_DEBUG_INFO = INCLUDE_SOURCE;
				MTL_FAST_MATH = YES;
				ONLY_ACTIVE_ARCH = YES;
				SDKROOT = iphoneos;
				SWIFT_ACTIVE_COMPILATION_CONDITIONS = DEBUG;
				SWIFT_OPTIMIZATION_LEVEL = "-Onone";
			};
			name = Debug;
		};
		BDB6A19A274C975A00E8EFC3 /* Release */ = {
			isa = XCBuildConfiguration;
			buildSettings = {
				ALWAYS_SEARCH_USER_PATHS = NO;
				CLANG_ANALYZER_NONNULL = YES;
				CLANG_ANALYZER_NUMBER_OBJECT_CONVERSION = YES_AGGRESSIVE;
				CLANG_CXX_LANGUAGE_STANDARD = "gnu++14";
				CLANG_CXX_LIBRARY = "libc++";
				CLANG_ENABLE_MODULES = YES;
				CLANG_ENABLE_OBJC_ARC = YES;
				CLANG_ENABLE_OBJC_WEAK = YES;
				CLANG_WARN_BLOCK_CAPTURE_AUTORELEASING = YES;
				CLANG_WARN_BOOL_CONVERSION = YES;
				CLANG_WARN_COMMA = YES;
				CLANG_WARN_CONSTANT_CONVERSION = YES;
				CLANG_WARN_DEPRECATED_OBJC_IMPLEMENTATIONS = YES;
				CLANG_WARN_DIRECT_OBJC_ISA_USAGE = YES_ERROR;
				CLANG_WARN_DOCUMENTATION_COMMENTS = YES;
				CLANG_WARN_EMPTY_BODY = YES;
				CLANG_WARN_ENUM_CONVERSION = YES;
				CLANG_WARN_INFINITE_RECURSION = YES;
				CLANG_WARN_INT_CONVERSION = YES;
				CLANG_WARN_NON_LITERAL_NULL_CONVERSION = YES;
				CLANG_WARN_OBJC_IMPLICIT_RETAIN_SELF = YES;
				CLANG_WARN_OBJC_LITERAL_CONVERSION = YES;
				CLANG_WARN_OBJC_ROOT_CLASS = YES_ERROR;
				CLANG_WARN_QUOTED_INCLUDE_IN_FRAMEWORK_HEADER = YES;
				CLANG_WARN_RANGE_LOOP_ANALYSIS = YES;
				CLANG_WARN_STRICT_PROTOTYPES = YES;
				CLANG_WARN_SUSPICIOUS_MOVE = YES;
				CLANG_WARN_UNGUARDED_AVAILABILITY = YES_AGGRESSIVE;
				CLANG_WARN_UNREACHABLE_CODE = YES;
				CLANG_WARN__DUPLICATE_METHOD_MATCH = YES;
				COPY_PHASE_STRIP = NO;
				DEBUG_INFORMATION_FORMAT = "dwarf-with-dsym";
				ENABLE_NS_ASSERTIONS = NO;
				ENABLE_STRICT_OBJC_MSGSEND = YES;
				GCC_C_LANGUAGE_STANDARD = gnu11;
				GCC_NO_COMMON_BLOCKS = YES;
				GCC_WARN_64_TO_32_BIT_CONVERSION = YES;
				GCC_WARN_ABOUT_RETURN_TYPE = YES_ERROR;
				GCC_WARN_UNDECLARED_SELECTOR = YES;
				GCC_WARN_UNINITIALIZED_AUTOS = YES_AGGRESSIVE;
				GCC_WARN_UNUSED_FUNCTION = YES;
				GCC_WARN_UNUSED_VARIABLE = YES;
				IPHONEOS_DEPLOYMENT_TARGET = 14.5;
				MTL_ENABLE_DEBUG_INFO = NO;
				MTL_FAST_MATH = YES;
				SDKROOT = iphoneos;
				SWIFT_COMPILATION_MODE = wholemodule;
				SWIFT_OPTIMIZATION_LEVEL = "-O";
				VALIDATE_PRODUCT = YES;
			};
			name = Release;
		};
		BDB6A19C274C975A00E8EFC3 /* Debug */ = {
			isa = XCBuildConfiguration;
			buildSettings = {
				ASSETCATALOG_COMPILER_APPICON_NAME = AppIcon;
				ASSETCATALOG_COMPILER_GLOBAL_ACCENT_COLOR_NAME = AccentColor;
				CODE_SIGN_STYLE = Automatic;
				DEVELOPMENT_TEAM = B77F775TG9;
				INFOPLIST_FILE = "lesson9 test/Info.plist";
				LD_RUNPATH_SEARCH_PATHS = (
					"$(inherited)",
					"@executable_path/Frameworks",
				);
				PRODUCT_BUNDLE_IDENTIFIER = "jp.techacademy.GitMi.Hub.lesson9-test";
				PRODUCT_NAME = "$(TARGET_NAME)";
				SWIFT_VERSION = 5.0;
				TARGETED_DEVICE_FAMILY = "1,2";
			};
			name = Debug;
		};
		BDB6A19D274C975A00E8EFC3 /* Release */ = {
			isa = XCBuildConfiguration;
			buildSettings = {
				ASSETCATALOG_COMPILER_APPICON_NAME = AppIcon;
				ASSETCATALOG_COMPILER_GLOBAL_ACCENT_COLOR_NAME = AccentColor;
				CODE_SIGN_STYLE = Automatic;
				DEVELOPMENT_TEAM = B77F775TG9;
				INFOPLIST_FILE = "lesson9 test/Info.plist";
				LD_RUNPATH_SEARCH_PATHS = (
					"$(inherited)",
					"@executable_path/Frameworks",
				);
				PRODUCT_BUNDLE_IDENTIFIER = "jp.techacademy.GitMi.Hub.lesson9-test";
				PRODUCT_NAME = "$(TARGET_NAME)";
				SWIFT_VERSION = 5.0;
				TARGETED_DEVICE_FAMILY = "1,2";
			};
			name = Release;
		};
/* End XCBuildConfiguration section */

/* Begin XCConfigurationList section */
		BDB6A182274C975A00E8EFC3 /* Build configuration list for PBXProject "lesson9 test" */ = {
			isa = XCConfigurationList;
			buildConfigurations = (
				BDB6A199274C975A00E8EFC3 /* Debug */,
				BDB6A19A274C975A00E8EFC3 /* Release */,
			);
			defaultConfigurationIsVisible = 0;
			defaultConfigurationName = Release;
		};
		BDB6A19B274C975A00E8EFC3 /* Build configuration list for PBXNativeTarget "lesson9 test" */ = {
			isa = XCConfigurationList;
			buildConfigurations = (
				BDB6A19C274C975A00E8EFC3 /* Debug */,
				BDB6A19D274C975A00E8EFC3 /* Release */,
			);
			defaultConfigurationIsVisible = 0;
			defaultConfigurationName = Release;
		};
/* End XCConfigurationList section */
	};
	rootObject = BDB6A17F274C975A00E8EFC3 /* Project object */;
}
